name: Generate pnpm lock (temporary)

on:
  pull_request:
    branches:
      - main

permissions:
  contents: read

jobs:
  generate:
    runs-on: ubuntu-latest
    timeout-minutes: 10
    steps:
      - name: Checkout
        uses: actions/checkout@v4

      - name: Setup Node.js
        uses: actions/setup-node@v4
        with:
          node-version: 22

      - name: Enable Corepack
        run: corepack enable

      - name: Generate lockfile
        run: pnpm install --lockfile-only --no-frozen-lockfile

      - name: Upload lockfile
        uses: actions/upload-artifact@v4
        with:
          name: pnpm-lock
          path: pnpm-lock.yaml
          if-no-files-found: error
